
Microsoft Visual Studio Solution File, Format Version 12.00
# Visual Studio Version 16
VisualStudioVersion = 16.0.30711.63
MinimumVisualStudioVersion = 10.0.40219.1
Project("{2150E333-8FDC-42A3-9474-1A3956D46DE8}") = "src", "src", "{647A5F34-24D3-436C-9436-87BCA3885FBF}"
EndProject
Project("{2150E333-8FDC-42A3-9474-1A3956D46DE8}") = "Services", "Services", "{F39F0601-4F36-4CB3-B789-BFD190F5BF6D}"
EndProject
Project("{2150E333-8FDC-42A3-9474-1A3956D46DE8}") = "Fantasy", "Fantasy", "{E98FA4A0-7CE2-410F-A6C7-4A4E3AE31419}"
EndProject
Project("{9A19103F-16F7-4668-BE54-9A1E7A4F7556}") = "Fantasy.API", "src\Services\Fantasy\Fantasy.API\Fantasy.API.csproj", "{C62111EA-9729-4E6C-966A-333B09A8B290}"
EndProject
Project("{2150E333-8FDC-42A3-9474-1A3956D46DE8}") = "League", "League", "{AAFA710B-05B9-478C-8BDD-0A039CDD76FF}"
EndProject
Project("{2150E333-8FDC-42A3-9474-1A3956D46DE8}") = "FantasyTeam", "FantasyTeam", "{9C415C76-BA6F-4697-A270-BE30B3508593}"
EndProject
Project("{9A19103F-16F7-4668-BE54-9A1E7A4F7556}") = "League.API", "src\Services\League\League.API\League.API.csproj", "{86725BED-5123-4C6B-A18D-7828934D8724}"
EndProject
Project("{9A19103F-16F7-4668-BE54-9A1E7A4F7556}") = "FantasyTeam.API", "src\Services\FantasyTeam\FantasyTeam.API\FantasyTeam.API.csproj", "{60A584B9-CD75-4D22-A9D1-D467C0FD83CC}"
EndProject
Project("{E53339B2-1760-4266-BCC7-CA923CBCF16C}") = "docker-compose", "docker-compose.dcproj", "{30B0CF65-E64D-47AB-9217-DF81B9CF8854}"
EndProject
Project("{9A19103F-16F7-4668-BE54-9A1E7A4F7556}") = "League.GRPC", "src\Services\League\League.GRPC\League.GRPC.csproj", "{EE9E2192-2F8C-4184-B535-DBC1B3986513}"
EndProject
Project("{2150E333-8FDC-42A3-9474-1A3956D46DE8}") = "Bet", "Bet", "{A684A6AB-A47B-42FF-B7FB-DC1A060E79D1}"
EndProject
Project("{FAE04EC0-301F-11D3-BF4B-00C04F79EFBC}") = "Bet.API", "src\Services\Bet\Bet.API\Bet.API.csproj", "{E966D265-6B36-43C3-A3E7-945D6AF7FBF4}"
EndProject
Project("{9A19103F-16F7-4668-BE54-9A1E7A4F7556}") = "Bet.Application", "src\Services\Bet\Bet.Application\Bet.Application.csproj", "{AD1E4515-85A6-40BC-8D58-48E7DD78296D}"
EndProject
Project("{9A19103F-16F7-4668-BE54-9A1E7A4F7556}") = "Bet.Domain", "src\Services\Bet\Bet.Domain\Bet.Domain.csproj", "{21D7EB4F-8BF7-4618-BFF0-84731EB97F67}"
EndProject
Project("{9A19103F-16F7-4668-BE54-9A1E7A4F7556}") = "Bet.Infrastructure", "src\Services\Bet\Bet.Infrastructure\Bet.Infrastructure.csproj", "{750499E8-7372-4C8D-B580-B330486C92D9}"
EndProject
Global
	GlobalSection(SolutionConfigurationPlatforms) = preSolution
		Debug|Any CPU = Debug|Any CPU
		Release|Any CPU = Release|Any CPU
	EndGlobalSection
	GlobalSection(ProjectConfigurationPlatforms) = postSolution
		{C62111EA-9729-4E6C-966A-333B09A8B290}.Debug|Any CPU.ActiveCfg = Debug|Any CPU
		{C62111EA-9729-4E6C-966A-333B09A8B290}.Debug|Any CPU.Build.0 = Debug|Any CPU
		{C62111EA-9729-4E6C-966A-333B09A8B290}.Release|Any CPU.ActiveCfg = Release|Any CPU
		{C62111EA-9729-4E6C-966A-333B09A8B290}.Release|Any CPU.Build.0 = Release|Any CPU
		{86725BED-5123-4C6B-A18D-7828934D8724}.Debug|Any CPU.ActiveCfg = Debug|Any CPU
		{86725BED-5123-4C6B-A18D-7828934D8724}.Debug|Any CPU.Build.0 = Debug|Any CPU
		{86725BED-5123-4C6B-A18D-7828934D8724}.Release|Any CPU.ActiveCfg = Release|Any CPU
		{86725BED-5123-4C6B-A18D-7828934D8724}.Release|Any CPU.Build.0 = Release|Any CPU
		{60A584B9-CD75-4D22-A9D1-D467C0FD83CC}.Debug|Any CPU.ActiveCfg = Debug|Any CPU
		{60A584B9-CD75-4D22-A9D1-D467C0FD83CC}.Debug|Any CPU.Build.0 = Debug|Any CPU
		{60A584B9-CD75-4D22-A9D1-D467C0FD83CC}.Release|Any CPU.ActiveCfg = Release|Any CPU
		{60A584B9-CD75-4D22-A9D1-D467C0FD83CC}.Release|Any CPU.Build.0 = Release|Any CPU
		{30B0CF65-E64D-47AB-9217-DF81B9CF8854}.Debug|Any CPU.ActiveCfg = Debug|Any CPU
		{30B0CF65-E64D-47AB-9217-DF81B9CF8854}.Debug|Any CPU.Build.0 = Debug|Any CPU
		{30B0CF65-E64D-47AB-9217-DF81B9CF8854}.Release|Any CPU.ActiveCfg = Release|Any CPU
		{30B0CF65-E64D-47AB-9217-DF81B9CF8854}.Release|Any CPU.Build.0 = Release|Any CPU
		{EE9E2192-2F8C-4184-B535-DBC1B3986513}.Debug|Any CPU.ActiveCfg = Debug|Any CPU
		{EE9E2192-2F8C-4184-B535-DBC1B3986513}.Debug|Any CPU.Build.0 = Debug|Any CPU
		{EE9E2192-2F8C-4184-B535-DBC1B3986513}.Release|Any CPU.ActiveCfg = Release|Any CPU
		{EE9E2192-2F8C-4184-B535-DBC1B3986513}.Release|Any CPU.Build.0 = Release|Any CPU
		{E966D265-6B36-43C3-A3E7-945D6AF7FBF4}.Debug|Any CPU.ActiveCfg = Debug|Any CPU
		{E966D265-6B36-43C3-A3E7-945D6AF7FBF4}.Debug|Any CPU.Build.0 = Debug|Any CPU
		{E966D265-6B36-43C3-A3E7-945D6AF7FBF4}.Release|Any CPU.ActiveCfg = Release|Any CPU
		{E966D265-6B36-43C3-A3E7-945D6AF7FBF4}.Release|Any CPU.Build.0 = Release|Any CPU
		{AD1E4515-85A6-40BC-8D58-48E7DD78296D}.Debug|Any CPU.ActiveCfg = Debug|Any CPU
		{AD1E4515-85A6-40BC-8D58-48E7DD78296D}.Debug|Any CPU.Build.0 = Debug|Any CPU
		{AD1E4515-85A6-40BC-8D58-48E7DD78296D}.Release|Any CPU.ActiveCfg = Release|Any CPU
		{AD1E4515-85A6-40BC-8D58-48E7DD78296D}.Release|Any CPU.Build.0 = Release|Any CPU
		{21D7EB4F-8BF7-4618-BFF0-84731EB97F67}.Debug|Any CPU.ActiveCfg = Debug|Any CPU
		{21D7EB4F-8BF7-4618-BFF0-84731EB97F67}.Debug|Any CPU.Build.0 = Debug|Any CPU
		{21D7EB4F-8BF7-4618-BFF0-84731EB97F67}.Release|Any CPU.ActiveCfg = Release|Any CPU
		{21D7EB4F-8BF7-4618-BFF0-84731EB97F67}.Release|Any CPU.Build.0 = Release|Any CPU
		{750499E8-7372-4C8D-B580-B330486C92D9}.Debug|Any CPU.ActiveCfg = Debug|Any CPU
		{750499E8-7372-4C8D-B580-B330486C92D9}.Debug|Any CPU.Build.0 = Debug|Any CPU
		{750499E8-7372-4C8D-B580-B330486C92D9}.Release|Any CPU.ActiveCfg = Release|Any CPU
		{750499E8-7372-4C8D-B580-B330486C92D9}.Release|Any CPU.Build.0 = Release|Any CPU
	EndGlobalSection
	GlobalSection(SolutionProperties) = preSolution
		HideSolutionNode = FALSE
	EndGlobalSection
	GlobalSection(NestedProjects) = preSolution
		{F39F0601-4F36-4CB3-B789-BFD190F5BF6D} = {647A5F34-24D3-436C-9436-87BCA3885FBF}
		{E98FA4A0-7CE2-410F-A6C7-4A4E3AE31419} = {F39F0601-4F36-4CB3-B789-BFD190F5BF6D}
		{C62111EA-9729-4E6C-966A-333B09A8B290} = {E98FA4A0-7CE2-410F-A6C7-4A4E3AE31419}
		{AAFA710B-05B9-478C-8BDD-0A039CDD76FF} = {F39F0601-4F36-4CB3-B789-BFD190F5BF6D}
		{9C415C76-BA6F-4697-A270-BE30B3508593} = {F39F0601-4F36-4CB3-B789-BFD190F5BF6D}
		{86725BED-5123-4C6B-A18D-7828934D8724} = {AAFA710B-05B9-478C-8BDD-0A039CDD76FF}
		{60A584B9-CD75-4D22-A9D1-D467C0FD83CC} = {9C415C76-BA6F-4697-A270-BE30B3508593}
		{EE9E2192-2F8C-4184-B535-DBC1B3986513} = {AAFA710B-05B9-478C-8BDD-0A039CDD76FF}
		{A684A6AB-A47B-42FF-B7FB-DC1A060E79D1} = {F39F0601-4F36-4CB3-B789-BFD190F5BF6D}
		{E966D265-6B36-43C3-A3E7-945D6AF7FBF4} = {A684A6AB-A47B-42FF-B7FB-DC1A060E79D1}
		{AD1E4515-85A6-40BC-8D58-48E7DD78296D} = {A684A6AB-A47B-42FF-B7FB-DC1A060E79D1}
		{21D7EB4F-8BF7-4618-BFF0-84731EB97F67} = {A684A6AB-A47B-42FF-B7FB-DC1A060E79D1}
		{750499E8-7372-4C8D-B580-B330486C92D9} = {A684A6AB-A47B-42FF-B7FB-DC1A060E79D1}
	EndGlobalSection
	GlobalSection(ExtensibilityGlobals) = postSolution
		SolutionGuid = {2B27AB0B-3D4F-4FF4-9879-F5CE7C2F5E18}
	EndGlobalSection
EndGlobal
